
Microsoft Visual Studio Solution File, Format Version 12.00
# Visual Studio 15
VisualStudioVersion = 15.0.28307.438
MinimumVisualStudioVersion = 10.0.40219.1
Project("{FAE04EC0-301F-11D3-BF4B-00C04F79EFBC}") = "Testlab2", "Testlab2\Testlab2.csproj", "{F9356527-6741-48B1-B51B-7223EACAEA27}"
EndProject
Global
	GlobalSection(SolutionConfigurationPlatforms) = preSolution
		Debug|Any CPU = Debug|Any CPU
		Release|Any CPU = Release|Any CPU
	EndGlobalSection
	GlobalSection(ProjectConfigurationPlatforms) = postSolution
		{F9356527-6741-48B1-B51B-7223EACAEA27}.Debug|Any CPU.ActiveCfg = Debug|Any CPU
		{F9356527-6741-48B1-B51B-7223EACAEA27}.Debug|Any CPU.Build.0 = Debug|Any CPU
		{F9356527-6741-48B1-B51B-7223EACAEA27}.Release|Any CPU.ActiveCfg = Release|Any CPU
		{F9356527-6741-48B1-B51B-7223EACAEA27}.Release|Any CPU.Build.0 = Release|Any CPU
	EndGlobalSection
	GlobalSection(SolutionProperties) = preSolution
		HideSolutionNode = FALSE
	EndGlobalSection
	GlobalSection(ExtensibilityGlobals) = postSolution
		SolutionGuid = {C6B0FE03-F375-47BE-BA1E-DFF258E2C5F2}
	EndGlobalSection
EndGlobal
